
Microsoft Visual Studio Solution File, Format Version 12.00
# Visual Studio Version 17
VisualStudioVersion = 17.10.35027.167
MinimumVisualStudioVersion = 10.0.40219.1
Project("{FAE04EC0-301F-11D3-BF4B-00C04F79EFBC}") = "P01_2022-CG-650_2022-CC-601", "P01_2022-CG-650_2022-CC-601\P01_2022-CG-650_2022-CC-601.csproj", "{C7BAA127-34FB-49F2-A87E-75EC902BA0DA}"
EndProject
Global
	GlobalSection(SolutionConfigurationPlatforms) = preSolution
		Debug|Any CPU = Debug|Any CPU
		Release|Any CPU = Release|Any CPU
	EndGlobalSection
	GlobalSection(ProjectConfigurationPlatforms) = postSolution
		{C7BAA127-34FB-49F2-A87E-75EC902BA0DA}.Debug|Any CPU.ActiveCfg = Debug|Any CPU
		{C7BAA127-34FB-49F2-A87E-75EC902BA0DA}.Debug|Any CPU.Build.0 = Debug|Any CPU
		{C7BAA127-34FB-49F2-A87E-75EC902BA0DA}.Release|Any CPU.ActiveCfg = Release|Any CPU
		{C7BAA127-34FB-49F2-A87E-75EC902BA0DA}.Release|Any CPU.Build.0 = Release|Any CPU
	EndGlobalSection
	GlobalSection(SolutionProperties) = preSolution
		HideSolutionNode = FALSE
	EndGlobalSection
	GlobalSection(ExtensibilityGlobals) = postSolution
		SolutionGuid = {880D2C1C-DA03-40E5-8D32-E673FE731690}
	EndGlobalSection
EndGlobal
